
Microsoft Visual Studio Solution File, Format Version 12.00
# Visual Studio Version 17
VisualStudioVersion = 17.0.31611.283
MinimumVisualStudioVersion = 10.0.40219.1
Project("{9A19103F-16F7-4668-BE54-9A1E7A4F7556}") = "FriendliOrAngri", "FriendliOrAngri\FriendliOrAngri.csproj", "{BEDD3294-AA85-49C7-95D6-B5727A650A96}"
EndProject
Project("{FAE04EC0-301F-11D3-BF4B-00C04F79EFBC}") = "FriendliOrAngri.Data", "FriendliOrAngri.Data\FriendliOrAngri.Data.csproj", "{678F1D2D-11FB-4081-93D2-41C865CF3817}"
EndProject
Project("{FAE04EC0-301F-11D3-BF4B-00C04F79EFBC}") = "FriendliOrAngriASP", "FriendliOrAngriASP\FriendliOrAngriASP.csproj", "{AEBDE833-5806-4E40-8AC8-DF4A24D4CAA3}"
EndProject
Global
	GlobalSection(SolutionConfigurationPlatforms) = preSolution
		Debug|Any CPU = Debug|Any CPU
		Release|Any CPU = Release|Any CPU
	EndGlobalSection
	GlobalSection(ProjectConfigurationPlatforms) = postSolution
		{BEDD3294-AA85-49C7-95D6-B5727A650A96}.Debug|Any CPU.ActiveCfg = Debug|Any CPU
		{BEDD3294-AA85-49C7-95D6-B5727A650A96}.Debug|Any CPU.Build.0 = Debug|Any CPU
		{BEDD3294-AA85-49C7-95D6-B5727A650A96}.Debug|Any CPU.Deploy.0 = Debug|Any CPU
		{BEDD3294-AA85-49C7-95D6-B5727A650A96}.Release|Any CPU.ActiveCfg = Release|Any CPU
		{BEDD3294-AA85-49C7-95D6-B5727A650A96}.Release|Any CPU.Build.0 = Release|Any CPU
		{BEDD3294-AA85-49C7-95D6-B5727A650A96}.Release|Any CPU.Deploy.0 = Release|Any CPU
		{678F1D2D-11FB-4081-93D2-41C865CF3817}.Debug|Any CPU.ActiveCfg = Debug|Any CPU
		{678F1D2D-11FB-4081-93D2-41C865CF3817}.Debug|Any CPU.Build.0 = Debug|Any CPU
		{678F1D2D-11FB-4081-93D2-41C865CF3817}.Release|Any CPU.ActiveCfg = Release|Any CPU
		{678F1D2D-11FB-4081-93D2-41C865CF3817}.Release|Any CPU.Build.0 = Release|Any CPU
		{AEBDE833-5806-4E40-8AC8-DF4A24D4CAA3}.Debug|Any CPU.ActiveCfg = Debug|Any CPU
		{AEBDE833-5806-4E40-8AC8-DF4A24D4CAA3}.Debug|Any CPU.Build.0 = Debug|Any CPU
		{AEBDE833-5806-4E40-8AC8-DF4A24D4CAA3}.Release|Any CPU.ActiveCfg = Release|Any CPU
		{AEBDE833-5806-4E40-8AC8-DF4A24D4CAA3}.Release|Any CPU.Build.0 = Release|Any CPU
	EndGlobalSection
	GlobalSection(SolutionProperties) = preSolution
		HideSolutionNode = FALSE
	EndGlobalSection
	GlobalSection(ExtensibilityGlobals) = postSolution
		SolutionGuid = {61F7FB11-1E47-470C-91E2-47F8143E1572}
	EndGlobalSection
EndGlobal
